{
  "name": "image-quantization",
  "version": "1.0.0",
  "lockfileVersion": 1,
  "requires": true,
  "dependencies": {
    "@types/node": {
      "version": "16.9.1",
      "resolved": "https://registry.npmjs.org/@types/node/-/node-16.9.1.tgz",
      "integrity": "sha512-QpLcX9ZSsq3YYUUnD3nFDY8H7wctAhQj/TFKL8Ya8v5fMm3CFXxo8zStsLAl780ltoYoo1WvKUVGBQK+1ifr7g=="
    },
    "image-q": {
      "version": "3.0.4",
      "resolved": "https://registry.npmjs.org/image-q/-/image-q-3.0.4.tgz",
      "integrity": "sha512-Bkhv4OwiOzB0DFFd6NVmHoUw2UYEWO19rPmmquVb9FQIf7pycQ9hdqqmNJ4qon/uuCQxFl06nejcTlGSEtxe8A==",
      "requires": {
        "@types/node": "16.9.1"
      }
    },
    "pngjs": {
      "version": "6.0.0",
      "resolved": "https://registry.npmjs.org/pngjs/-/pngjs-6.0.0.tgz",
      "integrity": "sha512-TRzzuFRRmEoSW/p1KVAmiOgPco2Irlah+bGFCeNfJXxxYGwSw7YwAOAcd7X28K/m5bjBWKsC29KyoMfHbypayg=="
    }
  }
}
