{
  "name": "basic-1",
  "version": "1.0.0",
  "lockfileVersion": 2,
  "requires": true,
  "packages": {
    "": {
      "name": "basic-1",
      "version": "1.0.0",
      "license": "ISC",
      "dependencies": {
        "@hozgur/easy-ui": "github:hozgur/easy-ui"
      }
    },
    "node_modules/@hozgur/easy-ui": {
      "version": "1.0.0",
      "resolved": "git+ssh://git@github.com/hozgur/easy-ui.git#e7044ec3cb929dbba84680c10bb28ec93e4012c3",
      "license": "ISC"
    }
  },
  "dependencies": {
    "@hozgur/easy-ui": {
      "version": "git+ssh://git@github.com/hozgur/easy-ui.git#e7044ec3cb929dbba84680c10bb28ec93e4012c3",
      "from": "@hozgur/easy-ui@github:hozgur/easy-ui"
    }
  }
}
