{
  "name": "double-buffer",
  "version": "1.0.0",
  "lockfileVersion": 2,
  "requires": true,
  "packages": {
    "": {
      "name": "double-buffer",
      "version": "1.0.0",
      "license": "ISC",
      "dependencies": {
        "@hozgur/easy-ui": "^1.0.0"
      }
    },
    "node_modules/@hozgur/easy-ui": {
      "version": "1.0.0",
      "resolved": "https://npm.pkg.github.com/download/@hozgur/easy-ui/1.0.0/2b20b6d356fbee99e0aab3111ccfdd9c95702a03eb4c168a74362ebcb618ae8b",
      "integrity": "sha512-Srrd7bYQsmc10A5vrn/fAMV8t14U/288XCXEoPIyzVBtPRkPk+BIeQFNdAup98Lj8O108P3MsNZxa/dkor6pIw==",
      "license": "ISC"
    }
  },
  "dependencies": {
    "@hozgur/easy-ui": {
      "version": "1.0.0",
      "resolved": "https://npm.pkg.github.com/download/@hozgur/easy-ui/1.0.0/2b20b6d356fbee99e0aab3111ccfdd9c95702a03eb4c168a74362ebcb618ae8b",
      "integrity": "sha512-Srrd7bYQsmc10A5vrn/fAMV8t14U/288XCXEoPIyzVBtPRkPk+BIeQFNdAup98Lj8O108P3MsNZxa/dkor6pIw=="
    }
  }
}
